
Microsoft Visual Studio Solution File, Format Version 12.00
# Visual Studio Version 17
VisualStudioVersion = 17.4.33110.190
MinimumVisualStudioVersion = 10.0.40219.1
Project("{2150E333-8FDC-42A3-9474-1A3956D46DE8}") = "解决方案项", "解决方案项", "{28C418E6-AF1D-4B74-ACDF-7B81FA4C256E}"
	ProjectSection(SolutionItems) = preProject
		.editorconfig = .editorconfig
		.gitignore = .gitignore
		common.props = common.props
		delete-bin-obj-folders.bat = delete-bin-obj-folders.bat
		Directory.Build.props = Directory.Build.props
		LICENSE = LICENSE
		NuGet.config = NuGet.config
		pack.ps1 = pack.ps1
		package.reference.props = package.reference.props
		README.md = README.md
		stylecop.json = stylecop.json
	EndProjectSection
EndProject
Project("{2150E333-8FDC-42A3-9474-1A3956D46DE8}") = "src", "src", "{19F68F40-2A05-48EB-86F0-56928B3CCE9C}"
EndProject
Project("{2150E333-8FDC-42A3-9474-1A3956D46DE8}") = "test", "test", "{5632E2B3-5592-4C6A-9493-768E5B04804D}"
EndProject
Project("{2150E333-8FDC-42A3-9474-1A3956D46DE8}") = "doc", "doc", "{EB006D23-BFE9-4551-96A5-298571E8BEE6}"
	ProjectSection(SolutionItems) = preProject
		doc\Index.md = doc\Index.md
	EndProjectSection
EndProject
Project("{9A19103F-16F7-4668-BE54-9A1E7A4F7556}") = "KissUtil", "src\KissUtil\KissUtil.csproj", "{7F372D64-6E40-4882-A34F-7DC325EC6A1C}"
EndProject
Global
	GlobalSection(SolutionConfigurationPlatforms) = preSolution
		Debug|Any CPU = Debug|Any CPU
		Release|Any CPU = Release|Any CPU
	EndGlobalSection
	GlobalSection(ProjectConfigurationPlatforms) = postSolution
		{7F372D64-6E40-4882-A34F-7DC325EC6A1C}.Debug|Any CPU.ActiveCfg = Debug|Any CPU
		{7F372D64-6E40-4882-A34F-7DC325EC6A1C}.Debug|Any CPU.Build.0 = Debug|Any CPU
		{7F372D64-6E40-4882-A34F-7DC325EC6A1C}.Release|Any CPU.ActiveCfg = Release|Any CPU
		{7F372D64-6E40-4882-A34F-7DC325EC6A1C}.Release|Any CPU.Build.0 = Release|Any CPU
	EndGlobalSection
	GlobalSection(SolutionProperties) = preSolution
		HideSolutionNode = FALSE
	EndGlobalSection
	GlobalSection(NestedProjects) = preSolution
		{7F372D64-6E40-4882-A34F-7DC325EC6A1C} = {19F68F40-2A05-48EB-86F0-56928B3CCE9C}
	EndGlobalSection
	GlobalSection(ExtensibilityGlobals) = postSolution
		SolutionGuid = {220123E7-A888-4DE7-8F9A-8FE271543889}
	EndGlobalSection
EndGlobal
